
Microsoft Visual Studio Solution File, Format Version 12.00
# Visual Studio Version 16
VisualStudioVersion = 16.0.28705.295
MinimumVisualStudioVersion = 10.0.40219.1
Project("{FAE04EC0-301F-11D3-BF4B-00C04F79EFBC}") = "TakeOwnership", "TakeOwnership\TakeOwnership.csproj", "{7448E8AB-1C2C-480C-A57D-1BE9BC268B36}"
EndProject
Global
	GlobalSection(SolutionConfigurationPlatforms) = preSolution
		Debug|Any CPU = Debug|Any CPU
		Release|Any CPU = Release|Any CPU
	EndGlobalSection
	GlobalSection(ProjectConfigurationPlatforms) = postSolution
		{7448E8AB-1C2C-480C-A57D-1BE9BC268B36}.Debug|Any CPU.ActiveCfg = Debug|Any CPU
		{7448E8AB-1C2C-480C-A57D-1BE9BC268B36}.Debug|Any CPU.Build.0 = Debug|Any CPU
		{7448E8AB-1C2C-480C-A57D-1BE9BC268B36}.Release|Any CPU.ActiveCfg = Release|Any CPU
		{7448E8AB-1C2C-480C-A57D-1BE9BC268B36}.Release|Any CPU.Build.0 = Release|Any CPU
	EndGlobalSection
	GlobalSection(SolutionProperties) = preSolution
		HideSolutionNode = FALSE
	EndGlobalSection
	GlobalSection(ExtensibilityGlobals) = postSolution
		SolutionGuid = {16164139-DEA6-42B8-A863-34D217FBA040}
	EndGlobalSection
EndGlobal
